// !$*UTF8*$!
{
	archiveVersion = 1;
	classes = {
	};
	objectVersion = 56;
	objects = {

/* Begin PBXBuildFile section */
		15BDDBB78A2662A59877D087 /* Pods_CardBoard.framework in Frameworks */ = {isa = PBXBuildFile; fileRef = 7DB15D83DD7340AFEEC2155B /* Pods_CardBoard.framework */; };
		A80D5CF92908AC6F00317904 /* AppDelegate.swift in Sources */ = {isa = PBXBuildFile; fileRef = A80D5CF82908AC6F00317904 /* AppDelegate.swift */; };
		A80D5CFB2908AC6F00317904 /* SceneDelegate.swift in Sources */ = {isa = PBXBuildFile; fileRef = A80D5CFA2908AC6F00317904 /* SceneDelegate.swift */; };
		A80D5CFD2908AC6F00317904 /* ViewController.swift in Sources */ = {isa = PBXBuildFile; fileRef = A80D5CFC2908AC6F00317904 /* ViewController.swift */; };
		A80D5D002908AC6F00317904 /* Main.storyboard in Resources */ = {isa = PBXBuildFile; fileRef = A80D5CFE2908AC6F00317904 /* Main.storyboard */; };
		A80D5D022908AC7100317904 /* Assets.xcassets in Resources */ = {isa = PBXBuildFile; fileRef = A80D5D012908AC7100317904 /* Assets.xcassets */; };
		A80D5D052908AC7100317904 /* LaunchScreen.storyboard in Resources */ = {isa = PBXBuildFile; fileRef = A80D5D032908AC7100317904 /* LaunchScreen.storyboard */; };
		A86D7A4B29138DFD00FDD72F /* startUpViewController.swift in Sources */ = {isa = PBXBuildFile; fileRef = A86D7A4A29138DFD00FDD72F /* startUpViewController.swift */; };
		A86D7A4D2913930200FDD72F /* onBoardingSlide.swift in Sources */ = {isa = PBXBuildFile; fileRef = A86D7A4C2913930200FDD72F /* onBoardingSlide.swift */; };
		A86D7A4F2913951D00FDD72F /* startUpCollectionViewCell.swift in Sources */ = {isa = PBXBuildFile; fileRef = A86D7A4E2913951D00FDD72F /* startUpCollectionViewCell.swift */; };
		A86D7A532913C4DC00FDD72F /* Toast.swift in Sources */ = {isa = PBXBuildFile; fileRef = A86D7A522913C4DC00FDD72F /* Toast.swift */; };
		A879C3BA29136BBB002FF342 /* TwitterAPICaller.swift in Sources */ = {isa = PBXBuildFile; fileRef = A879C3B929136BBB002FF342 /* TwitterAPICaller.swift */; };
		A89C0022290BBD9C005DD3B2 /* Social.framework in Frameworks */ = {isa = PBXBuildFile; fileRef = A89C0021290BBD9C005DD3B2 /* Social.framework */; };
		A89C0024290BBDB0005DD3B2 /* Accounts.framework in Frameworks */ = {isa = PBXBuildFile; fileRef = A89C0023290BBDAF005DD3B2 /* Accounts.framework */; };
		A8A2B2BB291451B200E79D57 /* loginViewController.swift in Sources */ = {isa = PBXBuildFile; fileRef = A8A2B2BA291451B200E79D57 /* loginViewController.swift */; };
/* End PBXBuildFile section */

/* Begin PBXFileReference section */
		7DB15D83DD7340AFEEC2155B /* Pods_CardBoard.framework */ = {isa = PBXFileReference; explicitFileType = wrapper.framework; includeInIndex = 0; path = Pods_CardBoard.framework; sourceTree = BUILT_PRODUCTS_DIR; };
		9B1477FA9789756965F793F9 /* Pods-CardBoard.debug.xcconfig */ = {isa = PBXFileReference; includeInIndex = 1; lastKnownFileType = text.xcconfig; name = "Pods-CardBoard.debug.xcconfig"; path = "Target Support Files/Pods-CardBoard/Pods-CardBoard.debug.xcconfig"; sourceTree = "<group>"; };
		A80D5CF52908AC6F00317904 /* CardBoard.app */ = {isa = PBXFileReference; explicitFileType = wrapper.application; includeInIndex = 0; path = CardBoard.app; sourceTree = BUILT_PRODUCTS_DIR; };
		A80D5CF82908AC6F00317904 /* AppDelegate.swift */ = {isa = PBXFileReference; lastKnownFileType = sourcecode.swift; path = AppDelegate.swift; sourceTree = "<group>"; };
		A80D5CFA2908AC6F00317904 /* SceneDelegate.swift */ = {isa = PBXFileReference; lastKnownFileType = sourcecode.swift; path = SceneDelegate.swift; sourceTree = "<group>"; };
		A80D5CFC2908AC6F00317904 /* ViewController.swift */ = {isa = PBXFileReference; lastKnownFileType = sourcecode.swift; path = ViewController.swift; sourceTree = "<group>"; };
		A80D5CFF2908AC6F00317904 /* Base */ = {isa = PBXFileReference; lastKnownFileType = file.storyboard; name = Base; path = Base.lproj/Main.storyboard; sourceTree = "<group>"; };
		A80D5D012908AC7100317904 /* Assets.xcassets */ = {isa = PBXFileReference; lastKnownFileType = folder.assetcatalog; path = Assets.xcassets; sourceTree = "<group>"; };
		A80D5D042908AC7100317904 /* Base */ = {isa = PBXFileReference; lastKnownFileType = file.storyboard; name = Base; path = Base.lproj/LaunchScreen.storyboard; sourceTree = "<group>"; };
		A80D5D062908AC7100317904 /* Info.plist */ = {isa = PBXFileReference; lastKnownFileType = text.plist.xml; path = Info.plist; sourceTree = "<group>"; };
		A80D5D0C2908BA3E00317904 /* CardBoard.entitlements */ = {isa = PBXFileReference; lastKnownFileType = text.plist.entitlements; path = CardBoard.entitlements; sourceTree = "<group>"; };
		A86D7A4A29138DFD00FDD72F /* startUpViewController.swift */ = {isa = PBXFileReference; lastKnownFileType = sourcecode.swift; path = startUpViewController.swift; sourceTree = "<group>"; };
		A86D7A4C2913930200FDD72F /* onBoardingSlide.swift */ = {isa = PBXFileReference; lastKnownFileType = sourcecode.swift; path = onBoardingSlide.swift; sourceTree = "<group>"; };
		A86D7A4E2913951D00FDD72F /* startUpCollectionViewCell.swift */ = {isa = PBXFileReference; lastKnownFileType = sourcecode.swift; path = startUpCollectionViewCell.swift; sourceTree = "<group>"; };
		A86D7A522913C4DC00FDD72F /* Toast.swift */ = {isa = PBXFileReference; lastKnownFileType = sourcecode.swift; path = Toast.swift; sourceTree = "<group>"; };
		A879C3B929136BBB002FF342 /* TwitterAPICaller.swift */ = {isa = PBXFileReference; lastKnownFileType = sourcecode.swift; path = TwitterAPICaller.swift; sourceTree = "<group>"; };
		A89C0021290BBD9C005DD3B2 /* Social.framework */ = {isa = PBXFileReference; lastKnownFileType = wrapper.framework; name = Social.framework; path = System/Library/Frameworks/Social.framework; sourceTree = SDKROOT; };
		A89C0023290BBDAF005DD3B2 /* Accounts.framework */ = {isa = PBXFileReference; lastKnownFileType = wrapper.framework; name = Accounts.framework; path = System/Library/Frameworks/Accounts.framework; sourceTree = SDKROOT; };
		A8A2B2BA291451B200E79D57 /* loginViewController.swift */ = {isa = PBXFileReference; lastKnownFileType = sourcecode.swift; path = loginViewController.swift; sourceTree = "<group>"; };
		BC9162B93097052CCAE2C408 /* Pods-CardBoard.release.xcconfig */ = {isa = PBXFileReference; includeInIndex = 1; lastKnownFileType = text.xcconfig; name = "Pods-CardBoard.release.xcconfig"; path = "Target Support Files/Pods-CardBoard/Pods-CardBoard.release.xcconfig"; sourceTree = "<group>"; };
/* End PBXFileReference section */

/* Begin PBXFrameworksBuildPhase section */
		A80D5CF22908AC6F00317904 /* Frameworks */ = {
			isa = PBXFrameworksBuildPhase;
			buildActionMask = 2147483647;
			files = (
				15BDDBB78A2662A59877D087 /* Pods_CardBoard.framework in Frameworks */,
				A89C0022290BBD9C005DD3B2 /* Social.framework in Frameworks */,
				A89C0024290BBDB0005DD3B2 /* Accounts.framework in Frameworks */,
			);
			runOnlyForDeploymentPostprocessing = 0;
		};
/* End PBXFrameworksBuildPhase section */

/* Begin PBXGroup section */
		0CBFAC2F57FFD28B73C69B4A /* Frameworks */ = {
			isa = PBXGroup;
			children = (
				A89C0023290BBDAF005DD3B2 /* Accounts.framework */,
				A89C0021290BBD9C005DD3B2 /* Social.framework */,
				7DB15D83DD7340AFEEC2155B /* Pods_CardBoard.framework */,
			);
			name = Frameworks;
			sourceTree = "<group>";
		};
		A80D5CEC2908AC6F00317904 = {
			isa = PBXGroup;
			children = (
				A80D5CF72908AC6F00317904 /* CardBoard */,
				A80D5CF62908AC6F00317904 /* Products */,
				ADA69CC15CFFFA9398134436 /* Pods */,
				0CBFAC2F57FFD28B73C69B4A /* Frameworks */,
			);
			sourceTree = "<group>";
		};
		A80D5CF62908AC6F00317904 /* Products */ = {
			isa = PBXGroup;
			children = (
				A80D5CF52908AC6F00317904 /* CardBoard.app */,
			);
			name = Products;
			sourceTree = "<group>";
		};
		A80D5CF72908AC6F00317904 /* CardBoard */ = {
			isa = PBXGroup;
			children = (
				A80D5D0C2908BA3E00317904 /* CardBoard.entitlements */,
				A80D5CF82908AC6F00317904 /* AppDelegate.swift */,
				A80D5CFA2908AC6F00317904 /* SceneDelegate.swift */,
				A80D5CFC2908AC6F00317904 /* ViewController.swift */,
				A80D5CFE2908AC6F00317904 /* Main.storyboard */,
				A80D5D012908AC7100317904 /* Assets.xcassets */,
				A80D5D032908AC7100317904 /* LaunchScreen.storyboard */,
				A80D5D062908AC7100317904 /* Info.plist */,
				A879C3B929136BBB002FF342 /* TwitterAPICaller.swift */,
				A86D7A4A29138DFD00FDD72F /* startUpViewController.swift */,
				A86D7A4C2913930200FDD72F /* onBoardingSlide.swift */,
				A86D7A4E2913951D00FDD72F /* startUpCollectionViewCell.swift */,
				A86D7A522913C4DC00FDD72F /* Toast.swift */,
				A8A2B2BA291451B200E79D57 /* loginViewController.swift */,
			);
			path = CardBoard;
			sourceTree = "<group>";
		};
		ADA69CC15CFFFA9398134436 /* Pods */ = {
			isa = PBXGroup;
			children = (
				9B1477FA9789756965F793F9 /* Pods-CardBoard.debug.xcconfig */,
				BC9162B93097052CCAE2C408 /* Pods-CardBoard.release.xcconfig */,
			);
			path = Pods;
			sourceTree = "<group>";
		};
/* End PBXGroup section */

/* Begin PBXNativeTarget section */
		A80D5CF42908AC6F00317904 /* CardBoard */ = {
			isa = PBXNativeTarget;
			buildConfigurationList = A80D5D092908AC7100317904 /* Build configuration list for PBXNativeTarget "CardBoard" */;
			buildPhases = (
				CD3ADAC20EB5C0D57257F0FE /* [CP] Check Pods Manifest.lock */,
				A80D5CF12908AC6F00317904 /* Sources */,
				A80D5CF22908AC6F00317904 /* Frameworks */,
				A80D5CF32908AC6F00317904 /* Resources */,
				A080E209FEF4E85327D71C1B /* [CP] Embed Pods Frameworks */,
			);
			buildRules = (
			);
			dependencies = (
			);
			name = CardBoard;
			productName = CardBoard;
			productReference = A80D5CF52908AC6F00317904 /* CardBoard.app */;
			productType = "com.apple.product-type.application";
		};
/* End PBXNativeTarget section */

/* Begin PBXProject section */
		A80D5CED2908AC6F00317904 /* Project object */ = {
			isa = PBXProject;
			attributes = {
				BuildIndependentTargetsInParallel = 1;
				LastSwiftUpdateCheck = 1400;
				LastUpgradeCheck = 1400;
				TargetAttributes = {
					A80D5CF42908AC6F00317904 = {
						CreatedOnToolsVersion = 14.0.1;
					};
				};
			};
			buildConfigurationList = A80D5CF02908AC6F00317904 /* Build configuration list for PBXProject "CardBoard" */;
			compatibilityVersion = "Xcode 14.0";
			developmentRegion = en;
			hasScannedForEncodings = 0;
			knownRegions = (
				en,
				Base,
			);
			mainGroup = A80D5CEC2908AC6F00317904;
			packageReferences = (
				A89C0027290BC52F005DD3B2 /* XCRemoteSwiftPackageReference "BDBOAuth1Manager" */,
			);
			productRefGroup = A80D5CF62908AC6F00317904 /* Products */;
			projectDirPath = "";
			projectRoot = "";
			targets = (
				A80D5CF42908AC6F00317904 /* CardBoard */,
			);
		};
/* End PBXProject section */

/* Begin PBXResourcesBuildPhase section */
		A80D5CF32908AC6F00317904 /* Resources */ = {
			isa = PBXResourcesBuildPhase;
			buildActionMask = 2147483647;
			files = (
				A80D5D052908AC7100317904 /* LaunchScreen.storyboard in Resources */,
				A80D5D022908AC7100317904 /* Assets.xcassets in Resources */,
				A80D5D002908AC6F00317904 /* Main.storyboard in Resources */,
			);
			runOnlyForDeploymentPostprocessing = 0;
		};
/* End PBXResourcesBuildPhase section */

/* Begin PBXShellScriptBuildPhase section */
		A080E209FEF4E85327D71C1B /* [CP] Embed Pods Frameworks */ = {
			isa = PBXShellScriptBuildPhase;
			buildActionMask = 2147483647;
			files = (
			);
			inputFileListPaths = (
				"${PODS_ROOT}/Target Support Files/Pods-CardBoard/Pods-CardBoard-frameworks-${CONFIGURATION}-input-files.xcfilelist",
			);
			name = "[CP] Embed Pods Frameworks";
			outputFileListPaths = (
				"${PODS_ROOT}/Target Support Files/Pods-CardBoard/Pods-CardBoard-frameworks-${CONFIGURATION}-output-files.xcfilelist",
			);
			runOnlyForDeploymentPostprocessing = 0;
			shellPath = /bin/sh;
			shellScript = "\"${PODS_ROOT}/Target Support Files/Pods-CardBoard/Pods-CardBoard-frameworks.sh\"\n";
			showEnvVarsInLog = 0;
		};
		CD3ADAC20EB5C0D57257F0FE /* [CP] Check Pods Manifest.lock */ = {
			isa = PBXShellScriptBuildPhase;
			buildActionMask = 2147483647;
			files = (
			);
			inputFileListPaths = (
			);
			inputPaths = (
				"${PODS_PODFILE_DIR_PATH}/Podfile.lock",
				"${PODS_ROOT}/Manifest.lock",
			);
			name = "[CP] Check Pods Manifest.lock";
			outputFileListPaths = (
			);
			outputPaths = (
				"$(DERIVED_FILE_DIR)/Pods-CardBoard-checkManifestLockResult.txt",
			);
			runOnlyForDeploymentPostprocessing = 0;
			shellPath = /bin/sh;
			shellScript = "diff \"${PODS_PODFILE_DIR_PATH}/Podfile.lock\" \"${PODS_ROOT}/Manifest.lock\" > /dev/null\nif [ $? != 0 ] ; then\n    # print error to STDERR\n    echo \"error: The sandbox is not in sync with the Podfile.lock. Run 'pod install' or update your CocoaPods installation.\" >&2\n    exit 1\nfi\n# This output is used by Xcode 'outputs' to avoid re-running this script phase.\necho \"SUCCESS\" > \"${SCRIPT_OUTPUT_FILE_0}\"\n";
			showEnvVarsInLog = 0;
		};
/* End PBXShellScriptBuildPhase section */

/* Begin PBXSourcesBuildPhase section */
		A80D5CF12908AC6F00317904 /* Sources */ = {
			isa = PBXSourcesBuildPhase;
			buildActionMask = 2147483647;
			files = (
				A80D5CFD2908AC6F00317904 /* ViewController.swift in Sources */,
				A86D7A532913C4DC00FDD72F /* Toast.swift in Sources */,
				A879C3BA29136BBB002FF342 /* TwitterAPICaller.swift in Sources */,
				A86D7A4B29138DFD00FDD72F /* startUpViewController.swift in Sources */,
				A80D5CF92908AC6F00317904 /* AppDelegate.swift in Sources */,
				A86D7A4D2913930200FDD72F /* onBoardingSlide.swift in Sources */,
				A86D7A4F2913951D00FDD72F /* startUpCollectionViewCell.swift in Sources */,
				A80D5CFB2908AC6F00317904 /* SceneDelegate.swift in Sources */,
				A8A2B2BB291451B200E79D57 /* loginViewController.swift in Sources */,
			);
			runOnlyForDeploymentPostprocessing = 0;
		};
/* End PBXSourcesBuildPhase section */

/* Begin PBXVariantGroup section */
		A80D5CFE2908AC6F00317904 /* Main.storyboard */ = {
			isa = PBXVariantGroup;
			children = (
				A80D5CFF2908AC6F00317904 /* Base */,
			);
			name = Main.storyboard;
			sourceTree = "<group>";
		};
		A80D5D032908AC7100317904 /* LaunchScreen.storyboard */ = {
			isa = PBXVariantGroup;
			children = (
				A80D5D042908AC7100317904 /* Base */,
			);
			name = LaunchScreen.storyboard;
			sourceTree = "<group>";
		};
/* End PBXVariantGroup section */

/* Begin XCBuildConfiguration section */
		A80D5D072908AC7100317904 /* Debug */ = {
			isa = XCBuildConfiguration;
			buildSettings = {
				ALWAYS_SEARCH_USER_PATHS = NO;
				CLANG_ANALYZER_NONNULL = YES;
				CLANG_ANALYZER_NUMBER_OBJECT_CONVERSION = YES_AGGRESSIVE;
				CLANG_CXX_LANGUAGE_STANDARD = "gnu++20";
				CLANG_ENABLE_MODULES = YES;
				CLANG_ENABLE_OBJC_ARC = YES;
				CLANG_ENABLE_OBJC_WEAK = YES;
				CLANG_WARN_BLOCK_CAPTURE_AUTORELEASING = YES;
				CLANG_WARN_BOOL_CONVERSION = YES;
				CLANG_WARN_COMMA = YES;
				CLANG_WARN_CONSTANT_CONVERSION = YES;
				CLANG_WARN_DEPRECATED_OBJC_IMPLEMENTATIONS = YES;
				CLANG_WARN_DIRECT_OBJC_ISA_USAGE = YES_ERROR;
				CLANG_WARN_DOCUMENTATION_COMMENTS = YES;
				CLANG_WARN_EMPTY_BODY = YES;
				CLANG_WARN_ENUM_CONVERSION = YES;
				CLANG_WARN_INFINITE_RECURSION = YES;
				CLANG_WARN_INT_CONVERSION = YES;
				CLANG_WARN_NON_LITERAL_NULL_CONVERSION = YES;
				CLANG_WARN_OBJC_IMPLICIT_RETAIN_SELF = YES;
				CLANG_WARN_OBJC_LITERAL_CONVERSION = YES;
				CLANG_WARN_OBJC_ROOT_CLASS = YES_ERROR;
				CLANG_WARN_QUOTED_INCLUDE_IN_FRAMEWORK_HEADER = YES;
				CLANG_WARN_RANGE_LOOP_ANALYSIS = YES;
				CLANG_WARN_STRICT_PROTOTYPES = YES;
				CLANG_WARN_SUSPICIOUS_MOVE = YES;
				CLANG_WARN_UNGUARDED_AVAILABILITY = YES_AGGRESSIVE;
				CLANG_WARN_UNREACHABLE_CODE = YES;
				CLANG_WARN__DUPLICATE_METHOD_MATCH = YES;
				COPY_PHASE_STRIP = NO;
				DEBUG_INFORMATION_FORMAT = dwarf;
				ENABLE_STRICT_OBJC_MSGSEND = YES;
				ENABLE_TESTABILITY = YES;
				GCC_C_LANGUAGE_STANDARD = gnu11;
				GCC_DYNAMIC_NO_PIC = NO;
				GCC_NO_COMMON_BLOCKS = YES;
				GCC_OPTIMIZATION_LEVEL = 0;
				GCC_PREPROCESSOR_DEFINITIONS = (
					"DEBUG=1",
					"$(inherited)",
				);
				GCC_WARN_64_TO_32_BIT_CONVERSION = YES;
				GCC_WARN_ABOUT_RETURN_TYPE = YES_ERROR;
				GCC_WARN_UNDECLARED_SELECTOR = YES;
				GCC_WARN_UNINITIALIZED_AUTOS = YES_AGGRESSIVE;
				GCC_WARN_UNUSED_FUNCTION = YES;
				GCC_WARN_UNUSED_VARIABLE = YES;
				IPHONEOS_DEPLOYMENT_TARGET = 16.0;
				MTL_ENABLE_DEBUG_INFO = INCLUDE_SOURCE;
				MTL_FAST_MATH = YES;
				ONLY_ACTIVE_ARCH = YES;
				SDKROOT = iphoneos;
				SWIFT_ACTIVE_COMPILATION_CONDITIONS = DEBUG;
				SWIFT_OPTIMIZATION_LEVEL = "-Onone";
			};
			name = Debug;
		};
		A80D5D082908AC7100317904 /* Release */ = {
			isa = XCBuildConfiguration;
			buildSettings = {
				ALWAYS_SEARCH_USER_PATHS = NO;
				CLANG_ANALYZER_NONNULL = YES;
				CLANG_ANALYZER_NUMBER_OBJECT_CONVERSION = YES_AGGRESSIVE;
				CLANG_CXX_LANGUAGE_STANDARD = "gnu++20";
				CLANG_ENABLE_MODULES = YES;
				CLANG_ENABLE_OBJC_ARC = YES;
				CLANG_ENABLE_OBJC_WEAK = YES;
				CLANG_WARN_BLOCK_CAPTURE_AUTORELEASING = YES;
				CLANG_WARN_BOOL_CONVERSION = YES;
				CLANG_WARN_COMMA = YES;
				CLANG_WARN_CONSTANT_CONVERSION = YES;
				CLANG_WARN_DEPRECATED_OBJC_IMPLEMENTATIONS = YES;
				CLANG_WARN_DIRECT_OBJC_ISA_USAGE = YES_ERROR;
				CLANG_WARN_DOCUMENTATION_COMMENTS = YES;
				CLANG_WARN_EMPTY_BODY = YES;
				CLANG_WARN_ENUM_CONVERSION = YES;
				CLANG_WARN_INFINITE_RECURSION = YES;
				CLANG_WARN_INT_CONVERSION = YES;
				CLANG_WARN_NON_LITERAL_NULL_CONVERSION = YES;
				CLANG_WARN_OBJC_IMPLICIT_RETAIN_SELF = YES;
				CLANG_WARN_OBJC_LITERAL_CONVERSION = YES;
				CLANG_WARN_OBJC_ROOT_CLASS = YES_ERROR;
				CLANG_WARN_QUOTED_INCLUDE_IN_FRAMEWORK_HEADER = YES;
				CLANG_WARN_RANGE_LOOP_ANALYSIS = YES;
				CLANG_WARN_STRICT_PROTOTYPES = YES;
				CLANG_WARN_SUSPICIOUS_MOVE = YES;
				CLANG_WARN_UNGUARDED_AVAILABILITY = YES_AGGRESSIVE;
				CLANG_WARN_UNREACHABLE_CODE = YES;
				CLANG_WARN__DUPLICATE_METHOD_MATCH = YES;
				COPY_PHASE_STRIP = NO;
				DEBUG_INFORMATION_FORMAT = "dwarf-with-dsym";
				ENABLE_NS_ASSERTIONS = NO;
				ENABLE_STRICT_OBJC_MSGSEND = YES;
				GCC_C_LANGUAGE_STANDARD = gnu11;
				GCC_NO_COMMON_BLOCKS = YES;
				GCC_WARN_64_TO_32_BIT_CONVERSION = YES;
				GCC_WARN_ABOUT_RETURN_TYPE = YES_ERROR;
				GCC_WARN_UNDECLARED_SELECTOR = YES;
				GCC_WARN_UNINITIALIZED_AUTOS = YES_AGGRESSIVE;
				GCC_WARN_UNUSED_FUNCTION = YES;
				GCC_WARN_UNUSED_VARIABLE = YES;
				IPHONEOS_DEPLOYMENT_TARGET = 16.0;
				MTL_ENABLE_DEBUG_INFO = NO;
				MTL_FAST_MATH = YES;
				SDKROOT = iphoneos;
				SWIFT_COMPILATION_MODE = wholemodule;
				SWIFT_OPTIMIZATION_LEVEL = "-O";
				VALIDATE_PRODUCT = YES;
			};
			name = Release;
		};
		A80D5D0A2908AC7100317904 /* Debug */ = {
			isa = XCBuildConfiguration;
			baseConfigurationReference = 9B1477FA9789756965F793F9 /* Pods-CardBoard.debug.xcconfig */;
			buildSettings = {
				ASSETCATALOG_COMPILER_APPICON_NAME = AppIcon;
				ASSETCATALOG_COMPILER_GLOBAL_ACCENT_COLOR_NAME = AccentColor;
				ASSETCATALOG_COMPILER_INCLUDE_ALL_APPICON_ASSETS = YES;
				CODE_SIGN_ENTITLEMENTS = CardBoard/CardBoard.entitlements;
				CODE_SIGN_IDENTITY = "Apple Development";
				CODE_SIGN_STYLE = Automatic;
				CURRENT_PROJECT_VERSION = 1;
				DEVELOPMENT_TEAM = 6C552SVXS2;
				GENERATE_INFOPLIST_FILE = YES;
				INFOPLIST_FILE = CardBoard/Info.plist;
				INFOPLIST_KEY_UIApplicationSupportsIndirectInputEvents = YES;
				INFOPLIST_KEY_UILaunchStoryboardName = LaunchScreen;
				INFOPLIST_KEY_UIMainStoryboardFile = Main;
				INFOPLIST_KEY_UISupportedInterfaceOrientations_iPad = "UIInterfaceOrientationPortrait UIInterfaceOrientationPortraitUpsideDown UIInterfaceOrientationLandscapeLeft UIInterfaceOrientationLandscapeRight";
				INFOPLIST_KEY_UISupportedInterfaceOrientations_iPhone = "UIInterfaceOrientationPortrait UIInterfaceOrientationLandscapeLeft UIInterfaceOrientationLandscapeRight";
				LD_RUNPATH_SEARCH_PATHS = (
					"$(inherited)",
					"@executable_path/Frameworks",
				);
				MARKETING_VERSION = 1.0;
				PRODUCT_BUNDLE_IDENTIFIER = Divyansh.CardBoard;
				PRODUCT_NAME = "$(TARGET_NAME)";
				PROVISIONING_PROFILE_SPECIFIER = "";
				SWIFT_EMIT_LOC_STRINGS = YES;
				SWIFT_VERSION = 5.0;
				TARGETED_DEVICE_FAMILY = "1,2";
			};
			name = Debug;
		};
		A80D5D0B2908AC7100317904 /* Release */ = {
			isa = XCBuildConfiguration;
			baseConfigurationReference = BC9162B93097052CCAE2C408 /* Pods-CardBoard.release.xcconfig */;
			buildSettings = {
				ASSETCATALOG_COMPILER_APPICON_NAME = AppIcon;
				ASSETCATALOG_COMPILER_GLOBAL_ACCENT_COLOR_NAME = AccentColor;
				ASSETCATALOG_COMPILER_INCLUDE_ALL_APPICON_ASSETS = YES;
				CODE_SIGN_ENTITLEMENTS = CardBoard/CardBoard.entitlements;
				CODE_SIGN_IDENTITY = "Apple Development";
				CODE_SIGN_STYLE = Automatic;
				CURRENT_PROJECT_VERSION = 1;
				DEVELOPMENT_TEAM = 6C552SVXS2;
				GENERATE_INFOPLIST_FILE = YES;
				INFOPLIST_FILE = CardBoard/Info.plist;
				INFOPLIST_KEY_UIApplicationSupportsIndirectInputEvents = YES;
				INFOPLIST_KEY_UILaunchStoryboardName = LaunchScreen;
				INFOPLIST_KEY_UIMainStoryboardFile = Main;
				INFOPLIST_KEY_UISupportedInterfaceOrientations_iPad = "UIInterfaceOrientationPortrait UIInterfaceOrientationPortraitUpsideDown UIInterfaceOrientationLandscapeLeft UIInterfaceOrientationLandscapeRight";
				INFOPLIST_KEY_UISupportedInterfaceOrientations_iPhone = "UIInterfaceOrientationPortrait UIInterfaceOrientationLandscapeLeft UIInterfaceOrientationLandscapeRight";
				LD_RUNPATH_SEARCH_PATHS = (
					"$(inherited)",
					"@executable_path/Frameworks",
				);
				MARKETING_VERSION = 1.0;
				PRODUCT_BUNDLE_IDENTIFIER = Divyansh.CardBoard;
				PRODUCT_NAME = "$(TARGET_NAME)";
				PROVISIONING_PROFILE_SPECIFIER = "";
				SWIFT_EMIT_LOC_STRINGS = YES;
				SWIFT_VERSION = 5.0;
				TARGETED_DEVICE_FAMILY = "1,2";
			};
			name = Release;
		};
/* End XCBuildConfiguration section */

/* Begin XCConfigurationList section */
		A80D5CF02908AC6F00317904 /* Build configuration list for PBXProject "CardBoard" */ = {
			isa = XCConfigurationList;
			buildConfigurations = (
				A80D5D072908AC7100317904 /* Debug */,
				A80D5D082908AC7100317904 /* Release */,
			);
			defaultConfigurationIsVisible = 0;
			defaultConfigurationName = Release;
		};
		A80D5D092908AC7100317904 /* Build configuration list for PBXNativeTarget "CardBoard" */ = {
			isa = XCConfigurationList;
			buildConfigurations = (
				A80D5D0A2908AC7100317904 /* Debug */,
				A80D5D0B2908AC7100317904 /* Release */,
			);
			defaultConfigurationIsVisible = 0;
			defaultConfigurationName = Release;
		};
/* End XCConfigurationList section */

/* Begin XCRemoteSwiftPackageReference section */
		A89C0027290BC52F005DD3B2 /* XCRemoteSwiftPackageReference "BDBOAuth1Manager" */ = {
			isa = XCRemoteSwiftPackageReference;
			repositoryURL = "https://github.com/bdbergeron/BDBOAuth1Manager";
			requirement = {
				kind = upToNextMajorVersion;
				minimumVersion = 2.0.0;
			};
		};
/* End XCRemoteSwiftPackageReference section */
	};
	rootObject = A80D5CED2908AC6F00317904 /* Project object */;
}
